schema: '2.0'
stages:
  load_data:
    cmd: python src/load_data.py
    deps:
    - path: src/load_data.py
      hash: md5
      md5: b1cc18baea1257f3fbfb0aa9c771ed42
      size: 227
    outs:
    - path: output/data.pkl
      hash: md5
      md5: 35353c71da0985eed8bb507bbc53bd91
      size: 54950285
  train:
    cmd: python src/train.py
    deps:
    - path: output/data.pkl
      hash: md5
      md5: 35353c71da0985eed8bb507bbc53bd91
      size: 54950285
    - path: src/train.py
      hash: md5
      md5: bc569a7cd1e1aa6f4b999c560e88b9b1
      size: 3331
    params:
      params.yaml:
        train.batch_size: 128
        train.dropout: 0.45
        train.hidden_units: 64
        train.lr: 0.001
        train.num_epochs: 3
    outs:
    - path: dvclive/metrics.json
      hash: md5
      md5: 680c103825257ec131e01f638c6e29f5
      size: 54
    - path: dvclive/plots/metrics/accuracy.tsv
      hash: md5
      md5: 4b89e4f1a27ae4f65436c1cdd547d9a6
      size: 77
    - path: output/myfmmodel.keras
      hash: md5
      md5: 561bea5bd02801fe164a6de9f775f856
      size: 3681312
    - path: output/myfmmodel.tar.gz
      hash: md5
      md5: e81a4485277bde8e1203e843f29880e8
      size: 3347909
    - path: output/train_logs.csv
      hash: md5
      md5: 59d61f90ad100f8d407e55b7b6923f6e
      size: 140
  evaluate:
    cmd: python src/evaluate.py
    deps:
    - path: output/data.pkl
      hash: md5
      md5: 35353c71da0985eed8bb507bbc53bd91
      size: 54950285
    - path: output/myfmmodel.keras
      hash: md5
      md5: 561bea5bd02801fe164a6de9f775f856
      size: 3681312
    - path: src/evaluate.py
      hash: md5
      md5: d55658c1947e760905f8784a695033b4
      size: 2983
    outs:
    - path: output/metrics.json
      hash: md5
      md5: 1b0e288163bdf2470c3fd6edb3fc733f
      size: 61
    - path: output/predictions.json
      hash: md5
      md5: 71612520581b4e57d4db2ecce593fc12
      size: 310000
    - path: output/test/samples_of_mispredicted_images/
      hash: md5
      md5: f10c7ffccadff75f734466c20021b478.dir
      size: 172217
      nfiles: 10
